
Microsoft Visual Studio Solution File, Format Version 12.00
# Visual Studio Version 17
VisualStudioVersion = 17.13.35913.81 d17.13
MinimumVisualStudioVersion = 10.0.40219.1
Project("{FAE04EC0-301F-11D3-BF4B-00C04F79EFBC}") = "ProiectNou1", "ProiectNou1.csproj", "{0DCA43AA-9172-43E2-916F-C13685DB12CA}"
EndProject
Global
	GlobalSection(SolutionConfigurationPlatforms) = preSolution
		Debug|Any CPU = Debug|Any CPU
		Release|Any CPU = Release|Any CPU
	EndGlobalSection
	GlobalSection(ProjectConfigurationPlatforms) = postSolution
		{0DCA43AA-9172-43E2-916F-C13685DB12CA}.Debug|Any CPU.ActiveCfg = Debug|Any CPU
		{0DCA43AA-9172-43E2-916F-C13685DB12CA}.Debug|Any CPU.Build.0 = Debug|Any CPU
		{0DCA43AA-9172-43E2-916F-C13685DB12CA}.Release|Any CPU.ActiveCfg = Release|Any CPU
		{0DCA43AA-9172-43E2-916F-C13685DB12CA}.Release|Any CPU.Build.0 = Release|Any CPU
	EndGlobalSection
	GlobalSection(SolutionProperties) = preSolution
		HideSolutionNode = FALSE
	EndGlobalSection
	GlobalSection(ExtensibilityGlobals) = postSolution
		SolutionGuid = {E4479C4B-55D9-4265-A3AC-F0C45E56EC3A}
	EndGlobalSection
EndGlobal
